
Microsoft Visual Studio Solution File, Format Version 12.00
# Visual Studio 15
VisualStudioVersion = 15.0.28307.572
MinimumVisualStudioVersion = 10.0.40219.1
Project("{FAE04EC0-301F-11D3-BF4B-00C04F79EFBC}") = "BusinessRuleEngine", "BusinessRuleEngine\BusinessRuleEngine.csproj", "{0E6DE014-0B6C-4DEA-9EFD-E160192B1B93}"
EndProject
Project("{FAE04EC0-301F-11D3-BF4B-00C04F79EFBC}") = "BusinessRuleEngineTest", "BusinessRuleEngineTest\BusinessRuleEngineTest.csproj", "{5197500B-6D94-40D1-831F-16840DBA76C9}"
EndProject
Global
	GlobalSection(SolutionConfigurationPlatforms) = preSolution
		Debug|Any CPU = Debug|Any CPU
		Release|Any CPU = Release|Any CPU
	EndGlobalSection
	GlobalSection(ProjectConfigurationPlatforms) = postSolution
		{0E6DE014-0B6C-4DEA-9EFD-E160192B1B93}.Debug|Any CPU.ActiveCfg = Debug|Any CPU
		{0E6DE014-0B6C-4DEA-9EFD-E160192B1B93}.Debug|Any CPU.Build.0 = Debug|Any CPU
		{0E6DE014-0B6C-4DEA-9EFD-E160192B1B93}.Release|Any CPU.ActiveCfg = Release|Any CPU
		{0E6DE014-0B6C-4DEA-9EFD-E160192B1B93}.Release|Any CPU.Build.0 = Release|Any CPU
		{5197500B-6D94-40D1-831F-16840DBA76C9}.Debug|Any CPU.ActiveCfg = Debug|Any CPU
		{5197500B-6D94-40D1-831F-16840DBA76C9}.Debug|Any CPU.Build.0 = Debug|Any CPU
		{5197500B-6D94-40D1-831F-16840DBA76C9}.Release|Any CPU.ActiveCfg = Release|Any CPU
		{5197500B-6D94-40D1-831F-16840DBA76C9}.Release|Any CPU.Build.0 = Release|Any CPU
	EndGlobalSection
	GlobalSection(SolutionProperties) = preSolution
		HideSolutionNode = FALSE
	EndGlobalSection
	GlobalSection(ExtensibilityGlobals) = postSolution
		SolutionGuid = {EC7283F5-3042-4266-9CF6-C0085E9A2604}
	EndGlobalSection
EndGlobal
